// !$*UTF8*$!
{
	archiveVersion = 1;
	classes = {
	};
	objectVersion = 50;
	objects = {

/* Begin PBXBuildFile section */
		3573050B20F7956A0030E8BE /* AppDelegate.swift in Sources */ = {isa = PBXBuildFile; fileRef = 3573050A20F7956A0030E8BE /* AppDelegate.swift */; };
		3573050D20F7956A0030E8BE /* ViewController.swift in Sources */ = {isa = PBXBuildFile; fileRef = 3573050C20F7956A0030E8BE /* ViewController.swift */; };
		3573051020F7956A0030E8BE /* Main.storyboard in Resources */ = {isa = PBXBuildFile; fileRef = 3573050E20F7956A0030E8BE /* Main.storyboard */; };
		3573051220F7956C0030E8BE /* Assets.xcassets in Resources */ = {isa = PBXBuildFile; fileRef = 3573051120F7956C0030E8BE /* Assets.xcassets */; };
		3573051520F7956C0030E8BE /* LaunchScreen.storyboard in Resources */ = {isa = PBXBuildFile; fileRef = 3573051320F7956C0030E8BE /* LaunchScreen.storyboard */; };
		3573052120F796BF0030E8BE /* CWCollectionView.swift in Sources */ = {isa = PBXBuildFile; fileRef = 3573052020F796BF0030E8BE /* CWCollectionView.swift */; };
		3573052420F79A800030E8BE /* CWCollectionViewCell.swift in Sources */ = {isa = PBXBuildFile; fileRef = 3573052320F79A800030E8BE /* CWCollectionViewCell.swift */; };
/* End PBXBuildFile section */

/* Begin PBXFileReference section */
		3573050720F7956A0030E8BE /* CWCollectionView.app */ = {isa = PBXFileReference; explicitFileType = wrapper.application; includeInIndex = 0; path = CWCollectionView.app; sourceTree = BUILT_PRODUCTS_DIR; };
		3573050A20F7956A0030E8BE /* AppDelegate.swift */ = {isa = PBXFileReference; lastKnownFileType = sourcecode.swift; path = AppDelegate.swift; sourceTree = "<group>"; };
		3573050C20F7956A0030E8BE /* ViewController.swift */ = {isa = PBXFileReference; lastKnownFileType = sourcecode.swift; path = ViewController.swift; sourceTree = "<group>"; };
		3573050F20F7956A0030E8BE /* Base */ = {isa = PBXFileReference; lastKnownFileType = file.storyboard; name = Base; path = Base.lproj/Main.storyboard; sourceTree = "<group>"; };
		3573051120F7956C0030E8BE /* Assets.xcassets */ = {isa = PBXFileReference; lastKnownFileType = folder.assetcatalog; path = Assets.xcassets; sourceTree = "<group>"; };
		3573051420F7956C0030E8BE /* Base */ = {isa = PBXFileReference; lastKnownFileType = file.storyboard; name = Base; path = Base.lproj/LaunchScreen.storyboard; sourceTree = "<group>"; };
		3573051620F7956C0030E8BE /* Info.plist */ = {isa = PBXFileReference; lastKnownFileType = text.plist.xml; path = Info.plist; sourceTree = "<group>"; };
		3573052020F796BF0030E8BE /* CWCollectionView.swift */ = {isa = PBXFileReference; lastKnownFileType = sourcecode.swift; path = CWCollectionView.swift; sourceTree = "<group>"; };
		3573052320F79A800030E8BE /* CWCollectionViewCell.swift */ = {isa = PBXFileReference; lastKnownFileType = sourcecode.swift; path = CWCollectionViewCell.swift; sourceTree = "<group>"; };
/* End PBXFileReference section */

/* Begin PBXFrameworksBuildPhase section */
		3573050420F7956A0030E8BE /* Frameworks */ = {
			isa = PBXFrameworksBuildPhase;
			buildActionMask = 2147483647;
			files = (
			);
			runOnlyForDeploymentPostprocessing = 0;
		};
/* End PBXFrameworksBuildPhase section */

/* Begin PBXGroup section */
		357304FE20F7956A0030E8BE = {
			isa = PBXGroup;
			children = (
				3573050920F7956A0030E8BE /* CWCollectionView */,
				3573050820F7956A0030E8BE /* Products */,
			);
			sourceTree = "<group>";
		};
		3573050820F7956A0030E8BE /* Products */ = {
			isa = PBXGroup;
			children = (
				3573050720F7956A0030E8BE /* CWCollectionView.app */,
			);
			name = Products;
			sourceTree = "<group>";
		};
		3573050920F7956A0030E8BE /* CWCollectionView */ = {
			isa = PBXGroup;
			children = (
				3573051D20F796740030E8BE /* Exemple */,
				3573051C20F796680030E8BE /* CWCollectionView */,
			);
			path = CWCollectionView;
			sourceTree = "<group>";
		};
		3573051C20F796680030E8BE /* CWCollectionView */ = {
			isa = PBXGroup;
			children = (
				3573052020F796BF0030E8BE /* CWCollectionView.swift */,
			);
			path = CWCollectionView;
			sourceTree = "<group>";
		};
		3573051D20F796740030E8BE /* Exemple */ = {
			isa = PBXGroup;
			children = (
				3573050A20F7956A0030E8BE /* AppDelegate.swift */,
				3573051F20F796A90030E8BE /* Scenes */,
				3573051E20F7969E0030E8BE /* Ressources */,
			);
			path = Exemple;
			sourceTree = "<group>";
		};
		3573051E20F7969E0030E8BE /* Ressources */ = {
			isa = PBXGroup;
			children = (
				3573051620F7956C0030E8BE /* Info.plist */,
				3573051120F7956C0030E8BE /* Assets.xcassets */,
			);
			path = Ressources;
			sourceTree = "<group>";
		};
		3573051F20F796A90030E8BE /* Scenes */ = {
			isa = PBXGroup;
			children = (
				3573052220F79A710030E8BE /* Cells */,
				3573051320F7956C0030E8BE /* LaunchScreen.storyboard */,
				3573050E20F7956A0030E8BE /* Main.storyboard */,
				3573050C20F7956A0030E8BE /* ViewController.swift */,
			);
			path = Scenes;
			sourceTree = "<group>";
		};
		3573052220F79A710030E8BE /* Cells */ = {
			isa = PBXGroup;
			children = (
				3573052320F79A800030E8BE /* CWCollectionViewCell.swift */,
			);
			path = Cells;
			sourceTree = "<group>";
		};
/* End PBXGroup section */

/* Begin PBXNativeTarget section */
		3573050620F7956A0030E8BE /* CWCollectionView */ = {
			isa = PBXNativeTarget;
			buildConfigurationList = 3573051920F7956C0030E8BE /* Build configuration list for PBXNativeTarget "CWCollectionView" */;
			buildPhases = (
				3573050320F7956A0030E8BE /* Sources */,
				3573050420F7956A0030E8BE /* Frameworks */,
				3573050520F7956A0030E8BE /* Resources */,
			);
			buildRules = (
			);
			dependencies = (
			);
			name = CWCollectionView;
			productName = CWCollectionView;
			productReference = 3573050720F7956A0030E8BE /* CWCollectionView.app */;
			productType = "com.apple.product-type.application";
		};
/* End PBXNativeTarget section */

/* Begin PBXProject section */
		357304FF20F7956A0030E8BE /* Project object */ = {
			isa = PBXProject;
			attributes = {
				LastSwiftUpdateCheck = 0940;
				LastUpgradeCheck = 0940;
				ORGANIZATIONNAME = Cwep;
				TargetAttributes = {
					3573050620F7956A0030E8BE = {
						CreatedOnToolsVersion = 9.4.1;
					};
				};
			};
			buildConfigurationList = 3573050220F7956A0030E8BE /* Build configuration list for PBXProject "CWCollectionView" */;
			compatibilityVersion = "Xcode 9.3";
			developmentRegion = en;
			hasScannedForEncodings = 0;
			knownRegions = (
				en,
				Base,
			);
			mainGroup = 357304FE20F7956A0030E8BE;
			productRefGroup = 3573050820F7956A0030E8BE /* Products */;
			projectDirPath = "";
			projectRoot = "";
			targets = (
				3573050620F7956A0030E8BE /* CWCollectionView */,
			);
		};
/* End PBXProject section */

/* Begin PBXResourcesBuildPhase section */
		3573050520F7956A0030E8BE /* Resources */ = {
			isa = PBXResourcesBuildPhase;
			buildActionMask = 2147483647;
			files = (
				3573051520F7956C0030E8BE /* LaunchScreen.storyboard in Resources */,
				3573051220F7956C0030E8BE /* Assets.xcassets in Resources */,
				3573051020F7956A0030E8BE /* Main.storyboard in Resources */,
			);
			runOnlyForDeploymentPostprocessing = 0;
		};
/* End PBXResourcesBuildPhase section */

/* Begin PBXSourcesBuildPhase section */
		3573050320F7956A0030E8BE /* Sources */ = {
			isa = PBXSourcesBuildPhase;
			buildActionMask = 2147483647;
			files = (
				3573052120F796BF0030E8BE /* CWCollectionView.swift in Sources */,
				3573050D20F7956A0030E8BE /* ViewController.swift in Sources */,
				3573052420F79A800030E8BE /* CWCollectionViewCell.swift in Sources */,
				3573050B20F7956A0030E8BE /* AppDelegate.swift in Sources */,
			);
			runOnlyForDeploymentPostprocessing = 0;
		};
/* End PBXSourcesBuildPhase section */

/* Begin PBXVariantGroup section */
		3573050E20F7956A0030E8BE /* Main.storyboard */ = {
			isa = PBXVariantGroup;
			children = (
				3573050F20F7956A0030E8BE /* Base */,
			);
			name = Main.storyboard;
			sourceTree = "<group>";
		};
		3573051320F7956C0030E8BE /* LaunchScreen.storyboard */ = {
			isa = PBXVariantGroup;
			children = (
				3573051420F7956C0030E8BE /* Base */,
			);
			name = LaunchScreen.storyboard;
			sourceTree = "<group>";
		};
/* End PBXVariantGroup section */

/* Begin XCBuildConfiguration section */
		3573051720F7956C0030E8BE /* Debug */ = {
			isa = XCBuildConfiguration;
			buildSettings = {
				ALWAYS_SEARCH_USER_PATHS = NO;
				CLANG_ANALYZER_NONNULL = YES;
				CLANG_ANALYZER_NUMBER_OBJECT_CONVERSION = YES_AGGRESSIVE;
				CLANG_CXX_LANGUAGE_STANDARD = "gnu++14";
				CLANG_CXX_LIBRARY = "libc++";
				CLANG_ENABLE_MODULES = YES;
				CLANG_ENABLE_OBJC_ARC = YES;
				CLANG_ENABLE_OBJC_WEAK = YES;
				CLANG_WARN_BLOCK_CAPTURE_AUTORELEASING = YES;
				CLANG_WARN_BOOL_CONVERSION = YES;
				CLANG_WARN_COMMA = YES;
				CLANG_WARN_CONSTANT_CONVERSION = YES;
				CLANG_WARN_DEPRECATED_OBJC_IMPLEMENTATIONS = YES;
				CLANG_WARN_DIRECT_OBJC_ISA_USAGE = YES_ERROR;
				CLANG_WARN_DOCUMENTATION_COMMENTS = YES;
				CLANG_WARN_EMPTY_BODY = YES;
				CLANG_WARN_ENUM_CONVERSION = YES;
				CLANG_WARN_INFINITE_RECURSION = YES;
				CLANG_WARN_INT_CONVERSION = YES;
				CLANG_WARN_NON_LITERAL_NULL_CONVERSION = YES;
				CLANG_WARN_OBJC_IMPLICIT_RETAIN_SELF = YES;
				CLANG_WARN_OBJC_LITERAL_CONVERSION = YES;
				CLANG_WARN_OBJC_ROOT_CLASS = YES_ERROR;
				CLANG_WARN_RANGE_LOOP_ANALYSIS = YES;
				CLANG_WARN_STRICT_PROTOTYPES = YES;
				CLANG_WARN_SUSPICIOUS_MOVE = YES;
				CLANG_WARN_UNGUARDED_AVAILABILITY = YES_AGGRESSIVE;
				CLANG_WARN_UNREACHABLE_CODE = YES;
				CLANG_WARN__DUPLICATE_METHOD_MATCH = YES;
				CODE_SIGN_IDENTITY = "iPhone Developer";
				COPY_PHASE_STRIP = NO;
				DEBUG_INFORMATION_FORMAT = dwarf;
				ENABLE_STRICT_OBJC_MSGSEND = YES;
				ENABLE_TESTABILITY = YES;
				GCC_C_LANGUAGE_STANDARD = gnu11;
				GCC_DYNAMIC_NO_PIC = NO;
				GCC_NO_COMMON_BLOCKS = YES;
				GCC_OPTIMIZATION_LEVEL = 0;
				GCC_PREPROCESSOR_DEFINITIONS = (
					"DEBUG=1",
					"$(inherited)",
				);
				GCC_WARN_64_TO_32_BIT_CONVERSION = YES;
				GCC_WARN_ABOUT_RETURN_TYPE = YES_ERROR;
				GCC_WARN_UNDECLARED_SELECTOR = YES;
				GCC_WARN_UNINITIALIZED_AUTOS = YES_AGGRESSIVE;
				GCC_WARN_UNUSED_FUNCTION = YES;
				GCC_WARN_UNUSED_VARIABLE = YES;
				IPHONEOS_DEPLOYMENT_TARGET = 11.4;
				MTL_ENABLE_DEBUG_INFO = YES;
				ONLY_ACTIVE_ARCH = YES;
				SDKROOT = iphoneos;
				SWIFT_ACTIVE_COMPILATION_CONDITIONS = DEBUG;
				SWIFT_OPTIMIZATION_LEVEL = "-Onone";
			};
			name = Debug;
		};
		3573051820F7956C0030E8BE /* Release */ = {
			isa = XCBuildConfiguration;
			buildSettings = {
				ALWAYS_SEARCH_USER_PATHS = NO;
				CLANG_ANALYZER_NONNULL = YES;
				CLANG_ANALYZER_NUMBER_OBJECT_CONVERSION = YES_AGGRESSIVE;
				CLANG_CXX_LANGUAGE_STANDARD = "gnu++14";
				CLANG_CXX_LIBRARY = "libc++";
				CLANG_ENABLE_MODULES = YES;
				CLANG_ENABLE_OBJC_ARC = YES;
				CLANG_ENABLE_OBJC_WEAK = YES;
				CLANG_WARN_BLOCK_CAPTURE_AUTORELEASING = YES;
				CLANG_WARN_BOOL_CONVERSION = YES;
				CLANG_WARN_COMMA = YES;
				CLANG_WARN_CONSTANT_CONVERSION = YES;
				CLANG_WARN_DEPRECATED_OBJC_IMPLEMENTATIONS = YES;
				CLANG_WARN_DIRECT_OBJC_ISA_USAGE = YES_ERROR;
				CLANG_WARN_DOCUMENTATION_COMMENTS = YES;
				CLANG_WARN_EMPTY_BODY = YES;
				CLANG_WARN_ENUM_CONVERSION = YES;
				CLANG_WARN_INFINITE_RECURSION = YES;
				CLANG_WARN_INT_CONVERSION = YES;
				CLANG_WARN_NON_LITERAL_NULL_CONVERSION = YES;
				CLANG_WARN_OBJC_IMPLICIT_RETAIN_SELF = YES;
				CLANG_WARN_OBJC_LITERAL_CONVERSION = YES;
				CLANG_WARN_OBJC_ROOT_CLASS = YES_ERROR;
				CLANG_WARN_RANGE_LOOP_ANALYSIS = YES;
				CLANG_WARN_STRICT_PROTOTYPES = YES;
				CLANG_WARN_SUSPICIOUS_MOVE = YES;
				CLANG_WARN_UNGUARDED_AVAILABILITY = YES_AGGRESSIVE;
				CLANG_WARN_UNREACHABLE_CODE = YES;
				CLANG_WARN__DUPLICATE_METHOD_MATCH = YES;
				CODE_SIGN_IDENTITY = "iPhone Developer";
				COPY_PHASE_STRIP = NO;
				DEBUG_INFORMATION_FORMAT = "dwarf-with-dsym";
				ENABLE_NS_ASSERTIONS = NO;
				ENABLE_STRICT_OBJC_MSGSEND = YES;
				GCC_C_LANGUAGE_STANDARD = gnu11;
				GCC_NO_COMMON_BLOCKS = YES;
				GCC_WARN_64_TO_32_BIT_CONVERSION = YES;
				GCC_WARN_ABOUT_RETURN_TYPE = YES_ERROR;
				GCC_WARN_UNDECLARED_SELECTOR = YES;
				GCC_WARN_UNINITIALIZED_AUTOS = YES_AGGRESSIVE;
				GCC_WARN_UNUSED_FUNCTION = YES;
				GCC_WARN_UNUSED_VARIABLE = YES;
				IPHONEOS_DEPLOYMENT_TARGET = 11.4;
				MTL_ENABLE_DEBUG_INFO = NO;
				SDKROOT = iphoneos;
				SWIFT_COMPILATION_MODE = wholemodule;
				SWIFT_OPTIMIZATION_LEVEL = "-O";
				VALIDATE_PRODUCT = YES;
			};
			name = Release;
		};
		3573051A20F7956C0030E8BE /* Debug */ = {
			isa = XCBuildConfiguration;
			buildSettings = {
				ASSETCATALOG_COMPILER_APPICON_NAME = AppIcon;
				CODE_SIGN_STYLE = Automatic;
				DEVELOPMENT_TEAM = KZM6S3PQ5K;
				INFOPLIST_FILE = "$(SRCROOT)/CWCollectionView/Exemple/Ressources/Info.plist";
				LD_RUNPATH_SEARCH_PATHS = (
					"$(inherited)",
					"@executable_path/Frameworks",
				);
				PRODUCT_BUNDLE_IDENTIFIER = com.cwep.CWCollectionView;
				PRODUCT_NAME = "$(TARGET_NAME)";
				SWIFT_VERSION = 4.0;
				TARGETED_DEVICE_FAMILY = "1,2";
			};
			name = Debug;
		};
		3573051B20F7956C0030E8BE /* Release */ = {
			isa = XCBuildConfiguration;
			buildSettings = {
				ASSETCATALOG_COMPILER_APPICON_NAME = AppIcon;
				CODE_SIGN_STYLE = Automatic;
				DEVELOPMENT_TEAM = KZM6S3PQ5K;
				INFOPLIST_FILE = "$(SRCROOT)/CWCollectionView/Exemple/Ressources/Info.plist";
				LD_RUNPATH_SEARCH_PATHS = (
					"$(inherited)",
					"@executable_path/Frameworks",
				);
				PRODUCT_BUNDLE_IDENTIFIER = com.cwep.CWCollectionView;
				PRODUCT_NAME = "$(TARGET_NAME)";
				SWIFT_VERSION = 4.0;
				TARGETED_DEVICE_FAMILY = "1,2";
			};
			name = Release;
		};
/* End XCBuildConfiguration section */

/* Begin XCConfigurationList section */
		3573050220F7956A0030E8BE /* Build configuration list for PBXProject "CWCollectionView" */ = {
			isa = XCConfigurationList;
			buildConfigurations = (
				3573051720F7956C0030E8BE /* Debug */,
				3573051820F7956C0030E8BE /* Release */,
			);
			defaultConfigurationIsVisible = 0;
			defaultConfigurationName = Release;
		};
		3573051920F7956C0030E8BE /* Build configuration list for PBXNativeTarget "CWCollectionView" */ = {
			isa = XCConfigurationList;
			buildConfigurations = (
				3573051A20F7956C0030E8BE /* Debug */,
				3573051B20F7956C0030E8BE /* Release */,
			);
			defaultConfigurationIsVisible = 0;
			defaultConfigurationName = Release;
		};
/* End XCConfigurationList section */
	};
	rootObject = 357304FF20F7956A0030E8BE /* Project object */;
}
